# This file is autogenerated, do not edit; changes may be undone by the next 'dep ensure'.


[[projects]]
  name = "github.com/akrylysov/algnhsa"
  packages = ["."]
  revision = "1b2519a6df09142a48adb4377b70c1814925c0d2"
  version = "v0.5"

[[projects]]
  name = "github.com/aws/aws-lambda-go"
  packages = [
    "events",
    "lambda",
    "lambda/messages",
    "lambdacontext"
  ]
  revision = "fafa7e49388b8991caf99308e80655ba91816b72"
  version = "v1.1.0"

[solve-meta]
  analyzer-name = "dep"
  analyzer-version = 1
  inputs-digest = "4853166c90ec35a0df214ad7681f9a08d77a36ee4f0a1aa673d8d0d9c1a51d43"
  solver-name = "gps-cdcl"
  solver-version = 1
